{
  "name": "@maanyio/mpc-coordinator-rn",
  "version": "0.1.0",
  "lockfileVersion": 3,
  "requires": true,
  "packages": {
    "": {
      "name": "@maanyio/mpc-coordinator-rn",
      "version": "0.1.0",
      "dependencies": {
        "@maanyio/mpc-rn-bare": "^0.1.2",
        "@noble/hashes": "^1.4.0"
      },
      "devDependencies": {
        "typescript": "^5.5.4"
      }
    },
    "node_modules/@maanyio/mpc-rn-bare": {
      "version": "0.1.2",
      "hasInstallScript": true,
      "license": "MIT"
    },
    "node_modules/@noble/hashes": {
      "version": "1.8.0",
      "license": "MIT",
      "engines": {
        "node": "^14.21.3 || >=16"
      },
      "funding": {
        "url": "https://paulmillr.com/funding/"
      }
    },
    "node_modules/typescript": {
      "version": "5.9.3",
      "dev": true,
      "license": "Apache-2.0",
      "bin": {
        "tsc": "bin/tsc",
        "tsserver": "bin/tsserver"
      },
      "engines": {
        "node": ">=14.17"
      }
    }
  }
}
